
Microsoft Visual Studio Solution File, Format Version 12.00
# Visual Studio Version 17
VisualStudioVersion = 17.9.34728.123
MinimumVisualStudioVersion = 10.0.40219.1
Project("{9A19103F-16F7-4668-BE54-9A1E7A4F7556}") = "AuctionService", "AuctionService\AuctionService.csproj", "{FA09B334-1045-4E6D-9D1F-003AE9FF027E}"
EndProject
Project("{2150E333-8FDC-42A3-9474-1A3956D46DE8}") = "src", "src", "{3D371CFF-CBF8-4899-A6E7-DF0150F6F0D2}"
EndProject
Project("{2150E333-8FDC-42A3-9474-1A3956D46DE8}") = "Solution Items", "Solution Items", "{CB769CB4-53D2-4E6A-B47A-D712D1148B4E}"
	ProjectSection(SolutionItems) = preProject
		docker-compose.yml = docker-compose.yml
	EndProjectSection
EndProject
Global
	GlobalSection(SolutionConfigurationPlatforms) = preSolution
		Debug|Any CPU = Debug|Any CPU
		Release|Any CPU = Release|Any CPU
	EndGlobalSection
	GlobalSection(ProjectConfigurationPlatforms) = postSolution
		{FA09B334-1045-4E6D-9D1F-003AE9FF027E}.Debug|Any CPU.ActiveCfg = Debug|Any CPU
		{FA09B334-1045-4E6D-9D1F-003AE9FF027E}.Debug|Any CPU.Build.0 = Debug|Any CPU
		{FA09B334-1045-4E6D-9D1F-003AE9FF027E}.Release|Any CPU.ActiveCfg = Release|Any CPU
		{FA09B334-1045-4E6D-9D1F-003AE9FF027E}.Release|Any CPU.Build.0 = Release|Any CPU
	EndGlobalSection
	GlobalSection(SolutionProperties) = preSolution
		HideSolutionNode = FALSE
	EndGlobalSection
	GlobalSection(NestedProjects) = preSolution
		{FA09B334-1045-4E6D-9D1F-003AE9FF027E} = {3D371CFF-CBF8-4899-A6E7-DF0150F6F0D2}
	EndGlobalSection
	GlobalSection(ExtensibilityGlobals) = postSolution
		SolutionGuid = {59BC736A-6451-4941-A79C-E7535F9D4BFE}
	EndGlobalSection
EndGlobal
